// !$*UTF8*$!
{
	archiveVersion = 1;
	classes = {
	};
	objectVersion = 46;
	objects = {

/* Begin PBXBuildFile section */
		BA88C2411EA9E38E00B1C9CC /* AppDelegate.swift in Sources */ = {isa = PBXBuildFile; fileRef = BA88C2401EA9E38E00B1C9CC /* AppDelegate.swift */; };
		BA88C2431EA9E38E00B1C9CC /* ViewController.swift in Sources */ = {isa = PBXBuildFile; fileRef = BA88C2421EA9E38E00B1C9CC /* ViewController.swift */; };
		BA88C2461EA9E38E00B1C9CC /* Main.storyboard in Resources */ = {isa = PBXBuildFile; fileRef = BA88C2441EA9E38E00B1C9CC /* Main.storyboard */; };
		BA88C2481EA9E38E00B1C9CC /* Assets.xcassets in Resources */ = {isa = PBXBuildFile; fileRef = BA88C2471EA9E38E00B1C9CC /* Assets.xcassets */; };
		BA88C24B1EA9E38E00B1C9CC /* LaunchScreen.storyboard in Resources */ = {isa = PBXBuildFile; fileRef = BA88C2491EA9E38E00B1C9CC /* LaunchScreen.storyboard */; };
		BA88C2561EA9E38E00B1C9CC /* PitchPerfectTests.swift in Sources */ = {isa = PBXBuildFile; fileRef = BA88C2551EA9E38E00B1C9CC /* PitchPerfectTests.swift */; };
		BA88C2611EA9E38E00B1C9CC /* PitchPerfectUITests.swift in Sources */ = {isa = PBXBuildFile; fileRef = BA88C2601EA9E38E00B1C9CC /* PitchPerfectUITests.swift */; };
/* End PBXBuildFile section */

/* Begin PBXContainerItemProxy section */
		BA88C2521EA9E38E00B1C9CC /* PBXContainerItemProxy */ = {
			isa = PBXContainerItemProxy;
			containerPortal = BA88C2351EA9E38E00B1C9CC /* Project object */;
			proxyType = 1;
			remoteGlobalIDString = BA88C23C1EA9E38E00B1C9CC;
			remoteInfo = PitchPerfect;
		};
		BA88C25D1EA9E38E00B1C9CC /* PBXContainerItemProxy */ = {
			isa = PBXContainerItemProxy;
			containerPortal = BA88C2351EA9E38E00B1C9CC /* Project object */;
			proxyType = 1;
			remoteGlobalIDString = BA88C23C1EA9E38E00B1C9CC;
			remoteInfo = PitchPerfect;
		};
/* End PBXContainerItemProxy section */

/* Begin PBXFileReference section */
		BA88C23D1EA9E38E00B1C9CC /* PitchPerfect.app */ = {isa = PBXFileReference; explicitFileType = wrapper.application; includeInIndex = 0; path = PitchPerfect.app; sourceTree = BUILT_PRODUCTS_DIR; };
		BA88C2401EA9E38E00B1C9CC /* AppDelegate.swift */ = {isa = PBXFileReference; lastKnownFileType = sourcecode.swift; path = AppDelegate.swift; sourceTree = "<group>"; };
		BA88C2421EA9E38E00B1C9CC /* ViewController.swift */ = {isa = PBXFileReference; lastKnownFileType = sourcecode.swift; path = ViewController.swift; sourceTree = "<group>"; };
		BA88C2451EA9E38E00B1C9CC /* Base */ = {isa = PBXFileReference; lastKnownFileType = file.storyboard; name = Base; path = Base.lproj/Main.storyboard; sourceTree = "<group>"; };
		BA88C2471EA9E38E00B1C9CC /* Assets.xcassets */ = {isa = PBXFileReference; lastKnownFileType = folder.assetcatalog; path = Assets.xcassets; sourceTree = "<group>"; };
		BA88C24A1EA9E38E00B1C9CC /* Base */ = {isa = PBXFileReference; lastKnownFileType = file.storyboard; name = Base; path = Base.lproj/LaunchScreen.storyboard; sourceTree = "<group>"; };
		BA88C24C1EA9E38E00B1C9CC /* Info.plist */ = {isa = PBXFileReference; lastKnownFileType = text.plist.xml; path = Info.plist; sourceTree = "<group>"; };
		BA88C2511EA9E38E00B1C9CC /* PitchPerfectTests.xctest */ = {isa = PBXFileReference; explicitFileType = wrapper.cfbundle; includeInIndex = 0; path = PitchPerfectTests.xctest; sourceTree = BUILT_PRODUCTS_DIR; };
		BA88C2551EA9E38E00B1C9CC /* PitchPerfectTests.swift */ = {isa = PBXFileReference; lastKnownFileType = sourcecode.swift; path = PitchPerfectTests.swift; sourceTree = "<group>"; };
		BA88C2571EA9E38E00B1C9CC /* Info.plist */ = {isa = PBXFileReference; lastKnownFileType = text.plist.xml; path = Info.plist; sourceTree = "<group>"; };
		BA88C25C1EA9E38E00B1C9CC /* PitchPerfectUITests.xctest */ = {isa = PBXFileReference; explicitFileType = wrapper.cfbundle; includeInIndex = 0; path = PitchPerfectUITests.xctest; sourceTree = BUILT_PRODUCTS_DIR; };
		BA88C2601EA9E38E00B1C9CC /* PitchPerfectUITests.swift */ = {isa = PBXFileReference; lastKnownFileType = sourcecode.swift; path = PitchPerfectUITests.swift; sourceTree = "<group>"; };
		BA88C2621EA9E38E00B1C9CC /* Info.plist */ = {isa = PBXFileReference; lastKnownFileType = text.plist.xml; path = Info.plist; sourceTree = "<group>"; };
/* End PBXFileReference section */

/* Begin PBXFrameworksBuildPhase section */
		BA88C23A1EA9E38E00B1C9CC /* Frameworks */ = {
			isa = PBXFrameworksBuildPhase;
			buildActionMask = 2147483647;
			files = (
			);
			runOnlyForDeploymentPostprocessing = 0;
		};
		BA88C24E1EA9E38E00B1C9CC /* Frameworks */ = {
			isa = PBXFrameworksBuildPhase;
			buildActionMask = 2147483647;
			files = (
			);
			runOnlyForDeploymentPostprocessing = 0;
		};
		BA88C2591EA9E38E00B1C9CC /* Frameworks */ = {
			isa = PBXFrameworksBuildPhase;
			buildActionMask = 2147483647;
			files = (
			);
			runOnlyForDeploymentPostprocessing = 0;
		};
/* End PBXFrameworksBuildPhase section */

/* Begin PBXGroup section */
		BA88C2341EA9E38E00B1C9CC = {
			isa = PBXGroup;
			children = (
				BA88C23F1EA9E38E00B1C9CC /* PitchPerfect */,
				BA88C2541EA9E38E00B1C9CC /* PitchPerfectTests */,
				BA88C25F1EA9E38E00B1C9CC /* PitchPerfectUITests */,
				BA88C23E1EA9E38E00B1C9CC /* Products */,
			);
			sourceTree = "<group>";
		};
		BA88C23E1EA9E38E00B1C9CC /* Products */ = {
			isa = PBXGroup;
			children = (
				BA88C23D1EA9E38E00B1C9CC /* PitchPerfect.app */,
				BA88C2511EA9E38E00B1C9CC /* PitchPerfectTests.xctest */,
				BA88C25C1EA9E38E00B1C9CC /* PitchPerfectUITests.xctest */,
			);
			name = Products;
			sourceTree = "<group>";
		};
		BA88C23F1EA9E38E00B1C9CC /* PitchPerfect */ = {
			isa = PBXGroup;
			children = (
				BA88C2401EA9E38E00B1C9CC /* AppDelegate.swift */,
				BA88C2421EA9E38E00B1C9CC /* ViewController.swift */,
				BA88C2441EA9E38E00B1C9CC /* Main.storyboard */,
				BA88C2471EA9E38E00B1C9CC /* Assets.xcassets */,
				BA88C2491EA9E38E00B1C9CC /* LaunchScreen.storyboard */,
				BA88C24C1EA9E38E00B1C9CC /* Info.plist */,
			);
			path = PitchPerfect;
			sourceTree = "<group>";
		};
		BA88C2541EA9E38E00B1C9CC /* PitchPerfectTests */ = {
			isa = PBXGroup;
			children = (
				BA88C2551EA9E38E00B1C9CC /* PitchPerfectTests.swift */,
				BA88C2571EA9E38E00B1C9CC /* Info.plist */,
			);
			path = PitchPerfectTests;
			sourceTree = "<group>";
		};
		BA88C25F1EA9E38E00B1C9CC /* PitchPerfectUITests */ = {
			isa = PBXGroup;
			children = (
				BA88C2601EA9E38E00B1C9CC /* PitchPerfectUITests.swift */,
				BA88C2621EA9E38E00B1C9CC /* Info.plist */,
			);
			path = PitchPerfectUITests;
			sourceTree = "<group>";
		};
/* End PBXGroup section */

/* Begin PBXNativeTarget section */
		BA88C23C1EA9E38E00B1C9CC /* PitchPerfect */ = {
			isa = PBXNativeTarget;
			buildConfigurationList = BA88C2651EA9E38E00B1C9CC /* Build configuration list for PBXNativeTarget "PitchPerfect" */;
			buildPhases = (
				BA88C2391EA9E38E00B1C9CC /* Sources */,
				BA88C23A1EA9E38E00B1C9CC /* Frameworks */,
				BA88C23B1EA9E38E00B1C9CC /* Resources */,
			);
			buildRules = (
			);
			dependencies = (
			);
			name = PitchPerfect;
			productName = PitchPerfect;
			productReference = BA88C23D1EA9E38E00B1C9CC /* PitchPerfect.app */;
			productType = "com.apple.product-type.application";
		};
		BA88C2501EA9E38E00B1C9CC /* PitchPerfectTests */ = {
			isa = PBXNativeTarget;
			buildConfigurationList = BA88C2681EA9E38E00B1C9CC /* Build configuration list for PBXNativeTarget "PitchPerfectTests" */;
			buildPhases = (
				BA88C24D1EA9E38E00B1C9CC /* Sources */,
				BA88C24E1EA9E38E00B1C9CC /* Frameworks */,
				BA88C24F1EA9E38E00B1C9CC /* Resources */,
			);
			buildRules = (
			);
			dependencies = (
				BA88C2531EA9E38E00B1C9CC /* PBXTargetDependency */,
			);
			name = PitchPerfectTests;
			productName = PitchPerfectTests;
			productReference = BA88C2511EA9E38E00B1C9CC /* PitchPerfectTests.xctest */;
			productType = "com.apple.product-type.bundle.unit-test";
		};
		BA88C25B1EA9E38E00B1C9CC /* PitchPerfectUITests */ = {
			isa = PBXNativeTarget;
			buildConfigurationList = BA88C26B1EA9E38E00B1C9CC /* Build configuration list for PBXNativeTarget "PitchPerfectUITests" */;
			buildPhases = (
				BA88C2581EA9E38E00B1C9CC /* Sources */,
				BA88C2591EA9E38E00B1C9CC /* Frameworks */,
				BA88C25A1EA9E38E00B1C9CC /* Resources */,
			);
			buildRules = (
			);
			dependencies = (
				BA88C25E1EA9E38E00B1C9CC /* PBXTargetDependency */,
			);
			name = PitchPerfectUITests;
			productName = PitchPerfectUITests;
			productReference = BA88C25C1EA9E38E00B1C9CC /* PitchPerfectUITests.xctest */;
			productType = "com.apple.product-type.bundle.ui-testing";
		};
/* End PBXNativeTarget section */

/* Begin PBXProject section */
		BA88C2351EA9E38E00B1C9CC /* Project object */ = {
			isa = PBXProject;
			attributes = {
				LastSwiftUpdateCheck = 0830;
				LastUpgradeCheck = 0830;
				ORGANIZATIONNAME = "AKSHAY SUNDERWANI";
				TargetAttributes = {
					BA88C23C1EA9E38E00B1C9CC = {
						CreatedOnToolsVersion = 8.3.1;
						DevelopmentTeam = 3GRVS95TMT;
						ProvisioningStyle = Automatic;
					};
					BA88C2501EA9E38E00B1C9CC = {
						CreatedOnToolsVersion = 8.3.1;
						DevelopmentTeam = 3GRVS95TMT;
						ProvisioningStyle = Automatic;
						TestTargetID = BA88C23C1EA9E38E00B1C9CC;
					};
					BA88C25B1EA9E38E00B1C9CC = {
						CreatedOnToolsVersion = 8.3.1;
						DevelopmentTeam = 3GRVS95TMT;
						ProvisioningStyle = Automatic;
						TestTargetID = BA88C23C1EA9E38E00B1C9CC;
					};
				};
			};
			buildConfigurationList = BA88C2381EA9E38E00B1C9CC /* Build configuration list for PBXProject "PitchPerfect" */;
			compatibilityVersion = "Xcode 3.2";
			developmentRegion = English;
			hasScannedForEncodings = 0;
			knownRegions = (
				en,
				Base,
			);
			mainGroup = BA88C2341EA9E38E00B1C9CC;
			productRefGroup = BA88C23E1EA9E38E00B1C9CC /* Products */;
			projectDirPath = "";
			projectRoot = "";
			targets = (
				BA88C23C1EA9E38E00B1C9CC /* PitchPerfect */,
				BA88C2501EA9E38E00B1C9CC /* PitchPerfectTests */,
				BA88C25B1EA9E38E00B1C9CC /* PitchPerfectUITests */,
			);
		};
/* End PBXProject section */

/* Begin PBXResourcesBuildPhase section */
		BA88C23B1EA9E38E00B1C9CC /* Resources */ = {
			isa = PBXResourcesBuildPhase;
			buildActionMask = 2147483647;
			files = (
				BA88C24B1EA9E38E00B1C9CC /* LaunchScreen.storyboard in Resources */,
				BA88C2481EA9E38E00B1C9CC /* Assets.xcassets in Resources */,
				BA88C2461EA9E38E00B1C9CC /* Main.storyboard in Resources */,
			);
			runOnlyForDeploymentPostprocessing = 0;
		};
		BA88C24F1EA9E38E00B1C9CC /* Resources */ = {
			isa = PBXResourcesBuildPhase;
			buildActionMask = 2147483647;
			files = (
			);
			runOnlyForDeploymentPostprocessing = 0;
		};
		BA88C25A1EA9E38E00B1C9CC /* Resources */ = {
			isa = PBXResourcesBuildPhase;
			buildActionMask = 2147483647;
			files = (
			);
			runOnlyForDeploymentPostprocessing = 0;
		};
/* End PBXResourcesBuildPhase section */

/* Begin PBXSourcesBuildPhase section */
		BA88C2391EA9E38E00B1C9CC /* Sources */ = {
			isa = PBXSourcesBuildPhase;
			buildActionMask = 2147483647;
			files = (
				BA88C2431EA9E38E00B1C9CC /* ViewController.swift in Sources */,
				BA88C2411EA9E38E00B1C9CC /* AppDelegate.swift in Sources */,
			);
			runOnlyForDeploymentPostprocessing = 0;
		};
		BA88C24D1EA9E38E00B1C9CC /* Sources */ = {
			isa = PBXSourcesBuildPhase;
			buildActionMask = 2147483647;
			files = (
				BA88C2561EA9E38E00B1C9CC /* PitchPerfectTests.swift in Sources */,
			);
			runOnlyForDeploymentPostprocessing = 0;
		};
		BA88C2581EA9E38E00B1C9CC /* Sources */ = {
			isa = PBXSourcesBuildPhase;
			buildActionMask = 2147483647;
			files = (
				BA88C2611EA9E38E00B1C9CC /* PitchPerfectUITests.swift in Sources */,
			);
			runOnlyForDeploymentPostprocessing = 0;
		};
/* End PBXSourcesBuildPhase section */

/* Begin PBXTargetDependency section */
		BA88C2531EA9E38E00B1C9CC /* PBXTargetDependency */ = {
			isa = PBXTargetDependency;
			target = BA88C23C1EA9E38E00B1C9CC /* PitchPerfect */;
			targetProxy = BA88C2521EA9E38E00B1C9CC /* PBXContainerItemProxy */;
		};
		BA88C25E1EA9E38E00B1C9CC /* PBXTargetDependency */ = {
			isa = PBXTargetDependency;
			target = BA88C23C1EA9E38E00B1C9CC /* PitchPerfect */;
			targetProxy = BA88C25D1EA9E38E00B1C9CC /* PBXContainerItemProxy */;
		};
/* End PBXTargetDependency section */

/* Begin PBXVariantGroup section */
		BA88C2441EA9E38E00B1C9CC /* Main.storyboard */ = {
			isa = PBXVariantGroup;
			children = (
				BA88C2451EA9E38E00B1C9CC /* Base */,
			);
			name = Main.storyboard;
			sourceTree = "<group>";
		};
		BA88C2491EA9E38E00B1C9CC /* LaunchScreen.storyboard */ = {
			isa = PBXVariantGroup;
			children = (
				BA88C24A1EA9E38E00B1C9CC /* Base */,
			);
			name = LaunchScreen.storyboard;
			sourceTree = "<group>";
		};
/* End PBXVariantGroup section */

/* Begin XCBuildConfiguration section */
		BA88C2631EA9E38E00B1C9CC /* Debug */ = {
			isa = XCBuildConfiguration;
			buildSettings = {
				ALWAYS_SEARCH_USER_PATHS = NO;
				CLANG_ANALYZER_NONNULL = YES;
				CLANG_ANALYZER_NUMBER_OBJECT_CONVERSION = YES_AGGRESSIVE;
				CLANG_CXX_LANGUAGE_STANDARD = "gnu++0x";
				CLANG_CXX_LIBRARY = "libc++";
				CLANG_ENABLE_MODULES = YES;
				CLANG_ENABLE_OBJC_ARC = YES;
				CLANG_WARN_BOOL_CONVERSION = YES;
				CLANG_WARN_CONSTANT_CONVERSION = YES;
				CLANG_WARN_DIRECT_OBJC_ISA_USAGE = YES_ERROR;
				CLANG_WARN_DOCUMENTATION_COMMENTS = YES;
				CLANG_WARN_EMPTY_BODY = YES;
				CLANG_WARN_ENUM_CONVERSION = YES;
				CLANG_WARN_INFINITE_RECURSION = YES;
				CLANG_WARN_INT_CONVERSION = YES;
				CLANG_WARN_OBJC_ROOT_CLASS = YES_ERROR;
				CLANG_WARN_SUSPICIOUS_MOVE = YES;
				CLANG_WARN_UNREACHABLE_CODE = YES;
				CLANG_WARN__DUPLICATE_METHOD_MATCH = YES;
				"CODE_SIGN_IDENTITY[sdk=iphoneos*]" = "iPhone Developer";
				COPY_PHASE_STRIP = NO;
				DEBUG_INFORMATION_FORMAT = dwarf;
				ENABLE_STRICT_OBJC_MSGSEND = YES;
				ENABLE_TESTABILITY = YES;
				GCC_C_LANGUAGE_STANDARD = gnu99;
				GCC_DYNAMIC_NO_PIC = NO;
				GCC_NO_COMMON_BLOCKS = YES;
				GCC_OPTIMIZATION_LEVEL = 0;
				GCC_PREPROCESSOR_DEFINITIONS = (
					"DEBUG=1",
					"$(inherited)",
				);
				GCC_WARN_64_TO_32_BIT_CONVERSION = YES;
				GCC_WARN_ABOUT_RETURN_TYPE = YES_ERROR;
				GCC_WARN_UNDECLARED_SELECTOR = YES;
				GCC_WARN_UNINITIALIZED_AUTOS = YES_AGGRESSIVE;
				GCC_WARN_UNUSED_FUNCTION = YES;
				GCC_WARN_UNUSED_VARIABLE = YES;
				IPHONEOS_DEPLOYMENT_TARGET = 10.3;
				MTL_ENABLE_DEBUG_INFO = YES;
				ONLY_ACTIVE_ARCH = YES;
				SDKROOT = iphoneos;
				SWIFT_ACTIVE_COMPILATION_CONDITIONS = DEBUG;
				SWIFT_OPTIMIZATION_LEVEL = "-Onone";
				TARGETED_DEVICE_FAMILY = "1,2";
			};
			name = Debug;
		};
		BA88C2641EA9E38E00B1C9CC /* Release */ = {
			isa = XCBuildConfiguration;
			buildSettings = {
				ALWAYS_SEARCH_USER_PATHS = NO;
				CLANG_ANALYZER_NONNULL = YES;
				CLANG_ANALYZER_NUMBER_OBJECT_CONVERSION = YES_AGGRESSIVE;
				CLANG_CXX_LANGUAGE_STANDARD = "gnu++0x";
				CLANG_CXX_LIBRARY = "libc++";
				CLANG_ENABLE_MODULES = YES;
				CLANG_ENABLE_OBJC_ARC = YES;
				CLANG_WARN_BOOL_CONVERSION = YES;
				CLANG_WARN_CONSTANT_CONVERSION = YES;
				CLANG_WARN_DIRECT_OBJC_ISA_USAGE = YES_ERROR;
				CLANG_WARN_DOCUMENTATION_COMMENTS = YES;
				CLANG_WARN_EMPTY_BODY = YES;
				CLANG_WARN_ENUM_CONVERSION = YES;
				CLANG_WARN_INFINITE_RECURSION = YES;
				CLANG_WARN_INT_CONVERSION = YES;
				CLANG_WARN_OBJC_ROOT_CLASS = YES_ERROR;
				CLANG_WARN_SUSPICIOUS_MOVE = YES;
				CLANG_WARN_UNREACHABLE_CODE = YES;
				CLANG_WARN__DUPLICATE_METHOD_MATCH = YES;
				"CODE_SIGN_IDENTITY[sdk=iphoneos*]" = "iPhone Developer";
				COPY_PHASE_STRIP = NO;
				DEBUG_INFORMATION_FORMAT = "dwarf-with-dsym";
				ENABLE_NS_ASSERTIONS = NO;
				ENABLE_STRICT_OBJC_MSGSEND = YES;
				GCC_C_LANGUAGE_STANDARD = gnu99;
				GCC_NO_COMMON_BLOCKS = YES;
				GCC_WARN_64_TO_32_BIT_CONVERSION = YES;
				GCC_WARN_ABOUT_RETURN_TYPE = YES_ERROR;
				GCC_WARN_UNDECLARED_SELECTOR = YES;
				GCC_WARN_UNINITIALIZED_AUTOS = YES_AGGRESSIVE;
				GCC_WARN_UNUSED_FUNCTION = YES;
				GCC_WARN_UNUSED_VARIABLE = YES;
				IPHONEOS_DEPLOYMENT_TARGET = 10.3;
				MTL_ENABLE_DEBUG_INFO = NO;
				SDKROOT = iphoneos;
				SWIFT_OPTIMIZATION_LEVEL = "-Owholemodule";
				TARGETED_DEVICE_FAMILY = "1,2";
				VALIDATE_PRODUCT = YES;
			};
			name = Release;
		};
		BA88C2661EA9E38E00B1C9CC /* Debug */ = {
			isa = XCBuildConfiguration;
			buildSettings = {
				ASSETCATALOG_COMPILER_APPICON_NAME = AppIcon;
				DEVELOPMENT_TEAM = 3GRVS95TMT;
				INFOPLIST_FILE = PitchPerfect/Info.plist;
				LD_RUNPATH_SEARCH_PATHS = "$(inherited) @executable_path/Frameworks";
				PRODUCT_BUNDLE_IDENTIFIER = AKSHAY.PitchPerfect;
				PRODUCT_NAME = "$(TARGET_NAME)";
				SWIFT_VERSION = 3.0;
			};
			name = Debug;
		};
		BA88C2671EA9E38E00B1C9CC /* Release */ = {
			isa = XCBuildConfiguration;
			buildSettings = {
				ASSETCATALOG_COMPILER_APPICON_NAME = AppIcon;
				DEVELOPMENT_TEAM = 3GRVS95TMT;
				INFOPLIST_FILE = PitchPerfect/Info.plist;
				LD_RUNPATH_SEARCH_PATHS = "$(inherited) @executable_path/Frameworks";
				PRODUCT_BUNDLE_IDENTIFIER = AKSHAY.PitchPerfect;
				PRODUCT_NAME = "$(TARGET_NAME)";
				SWIFT_VERSION = 3.0;
			};
			name = Release;
		};
		BA88C2691EA9E38E00B1C9CC /* Debug */ = {
			isa = XCBuildConfiguration;
			buildSettings = {
				ALWAYS_EMBED_SWIFT_STANDARD_LIBRARIES = YES;
				BUNDLE_LOADER = "$(TEST_HOST)";
				DEVELOPMENT_TEAM = 3GRVS95TMT;
				INFOPLIST_FILE = PitchPerfectTests/Info.plist;
				LD_RUNPATH_SEARCH_PATHS = "$(inherited) @executable_path/Frameworks @loader_path/Frameworks";
				PRODUCT_BUNDLE_IDENTIFIER = AKSHAY.PitchPerfectTests;
				PRODUCT_NAME = "$(TARGET_NAME)";
				SWIFT_VERSION = 3.0;
				TEST_HOST = "$(BUILT_PRODUCTS_DIR)/PitchPerfect.app/PitchPerfect";
			};
			name = Debug;
		};
		BA88C26A1EA9E38E00B1C9CC /* Release */ = {
			isa = XCBuildConfiguration;
			buildSettings = {
				ALWAYS_EMBED_SWIFT_STANDARD_LIBRARIES = YES;
				BUNDLE_LOADER = "$(TEST_HOST)";
				DEVELOPMENT_TEAM = 3GRVS95TMT;
				INFOPLIST_FILE = PitchPerfectTests/Info.plist;
				LD_RUNPATH_SEARCH_PATHS = "$(inherited) @executable_path/Frameworks @loader_path/Frameworks";
				PRODUCT_BUNDLE_IDENTIFIER = AKSHAY.PitchPerfectTests;
				PRODUCT_NAME = "$(TARGET_NAME)";
				SWIFT_VERSION = 3.0;
				TEST_HOST = "$(BUILT_PRODUCTS_DIR)/PitchPerfect.app/PitchPerfect";
			};
			name = Release;
		};
		BA88C26C1EA9E38E00B1C9CC /* Debug */ = {
			isa = XCBuildConfiguration;
			buildSettings = {
				ALWAYS_EMBED_SWIFT_STANDARD_LIBRARIES = YES;
				DEVELOPMENT_TEAM = 3GRVS95TMT;
				INFOPLIST_FILE = PitchPerfectUITests/Info.plist;
				LD_RUNPATH_SEARCH_PATHS = "$(inherited) @executable_path/Frameworks @loader_path/Frameworks";
				PRODUCT_BUNDLE_IDENTIFIER = AKSHAY.PitchPerfectUITests;
				PRODUCT_NAME = "$(TARGET_NAME)";
				SWIFT_VERSION = 3.0;
				TEST_TARGET_NAME = PitchPerfect;
			};
			name = Debug;
		};
		BA88C26D1EA9E38E00B1C9CC /* Release */ = {
			isa = XCBuildConfiguration;
			buildSettings = {
				ALWAYS_EMBED_SWIFT_STANDARD_LIBRARIES = YES;
				DEVELOPMENT_TEAM = 3GRVS95TMT;
				INFOPLIST_FILE = PitchPerfectUITests/Info.plist;
				LD_RUNPATH_SEARCH_PATHS = "$(inherited) @executable_path/Frameworks @loader_path/Frameworks";
				PRODUCT_BUNDLE_IDENTIFIER = AKSHAY.PitchPerfectUITests;
				PRODUCT_NAME = "$(TARGET_NAME)";
				SWIFT_VERSION = 3.0;
				TEST_TARGET_NAME = PitchPerfect;
			};
			name = Release;
		};
/* End XCBuildConfiguration section */

/* Begin XCConfigurationList section */
		BA88C2381EA9E38E00B1C9CC /* Build configuration list for PBXProject "PitchPerfect" */ = {
			isa = XCConfigurationList;
			buildConfigurations = (
				BA88C2631EA9E38E00B1C9CC /* Debug */,
				BA88C2641EA9E38E00B1C9CC /* Release */,
			);
			defaultConfigurationIsVisible = 0;
			defaultConfigurationName = Release;
		};
		BA88C2651EA9E38E00B1C9CC /* Build configuration list for PBXNativeTarget "PitchPerfect" */ = {
			isa = XCConfigurationList;
			buildConfigurations = (
				BA88C2661EA9E38E00B1C9CC /* Debug */,
				BA88C2671EA9E38E00B1C9CC /* Release */,
			);
			defaultConfigurationIsVisible = 0;
			defaultConfigurationName = Release;
		};
		BA88C2681EA9E38E00B1C9CC /* Build configuration list for PBXNativeTarget "PitchPerfectTests" */ = {
			isa = XCConfigurationList;
			buildConfigurations = (
				BA88C2691EA9E38E00B1C9CC /* Debug */,
				BA88C26A1EA9E38E00B1C9CC /* Release */,
			);
			defaultConfigurationIsVisible = 0;
			defaultConfigurationName = Release;
		};
		BA88C26B1EA9E38E00B1C9CC /* Build configuration list for PBXNativeTarget "PitchPerfectUITests" */ = {
			isa = XCConfigurationList;
			buildConfigurations = (
				BA88C26C1EA9E38E00B1C9CC /* Debug */,
				BA88C26D1EA9E38E00B1C9CC /* Release */,
			);
			defaultConfigurationIsVisible = 0;
			defaultConfigurationName = Release;
		};
/* End XCConfigurationList section */
	};
	rootObject = BA88C2351EA9E38E00B1C9CC /* Project object */;
}
